
Microsoft Visual Studio Solution File, Format Version 12.00
# Visual Studio Version 16
VisualStudioVersion = 16.0.31321.278
MinimumVisualStudioVersion = 10.0.40219.1
Project("{FAE04EC0-301F-11D3-BF4B-00C04F79EFBC}") = "SeleniumPractice1", "SeleniumPractice1\SeleniumPractice1.csproj", "{77E04EA4-F972-4E4E-B63E-7015C674922E}"
EndProject
Project("{FAE04EC0-301F-11D3-BF4B-00C04F79EFBC}") = "UiTest", "UiTest\UiTest.csproj", "{F17D6E19-2360-4609-8A13-B6256E11D31D}"
EndProject
Global
	GlobalSection(SolutionConfigurationPlatforms) = preSolution
		Debug|Any CPU = Debug|Any CPU
		Release|Any CPU = Release|Any CPU
	EndGlobalSection
	GlobalSection(ProjectConfigurationPlatforms) = postSolution
		{77E04EA4-F972-4E4E-B63E-7015C674922E}.Debug|Any CPU.ActiveCfg = Debug|Any CPU
		{77E04EA4-F972-4E4E-B63E-7015C674922E}.Debug|Any CPU.Build.0 = Debug|Any CPU
		{77E04EA4-F972-4E4E-B63E-7015C674922E}.Release|Any CPU.ActiveCfg = Release|Any CPU
		{77E04EA4-F972-4E4E-B63E-7015C674922E}.Release|Any CPU.Build.0 = Release|Any CPU
		{F17D6E19-2360-4609-8A13-B6256E11D31D}.Debug|Any CPU.ActiveCfg = Debug|Any CPU
		{F17D6E19-2360-4609-8A13-B6256E11D31D}.Debug|Any CPU.Build.0 = Debug|Any CPU
		{F17D6E19-2360-4609-8A13-B6256E11D31D}.Release|Any CPU.ActiveCfg = Release|Any CPU
		{F17D6E19-2360-4609-8A13-B6256E11D31D}.Release|Any CPU.Build.0 = Release|Any CPU
	EndGlobalSection
	GlobalSection(SolutionProperties) = preSolution
		HideSolutionNode = FALSE
	EndGlobalSection
	GlobalSection(ExtensibilityGlobals) = postSolution
		SolutionGuid = {B20D16AE-6A2C-4E22-AE08-5FB6CF240961}
	EndGlobalSection
EndGlobal
